// !$*UTF8*$!
{
	archiveVersion = 1;
	classes = {
	};
	objectVersion = 50;
	objects = {

/* Begin PBXBuildFile section */
		2C53F74F20BE749700209F7B /* NSInvocationTests.m in Sources */ = {isa = PBXBuildFile; fileRef = 2C53F74E20BE749700209F7B /* NSInvocationTests.m */; };
		2C53F75120BE8D4500209F7B /* RuntimeAPITests.m in Sources */ = {isa = PBXBuildFile; fileRef = 2C53F75020BE8D4500209F7B /* RuntimeAPITests.m */; };
		2C53F75320BE918F00209F7B /* README.md in Resources */ = {isa = PBXBuildFile; fileRef = 2C53F75220BE918F00209F7B /* README.md */; };
		2C53F75520BE926800209F7B /* MultipleInheritanceTests.m in Sources */ = {isa = PBXBuildFile; fileRef = 2C53F75420BE926800209F7B /* MultipleInheritanceTests.m */; };
		2C63FF7B20BBF774006EE6D8 /* AppDelegate.m in Sources */ = {isa = PBXBuildFile; fileRef = 2C63FF7A20BBF774006EE6D8 /* AppDelegate.m */; };
		2C63FF7E20BBF774006EE6D8 /* ViewController.m in Sources */ = {isa = PBXBuildFile; fileRef = 2C63FF7D20BBF774006EE6D8 /* ViewController.m */; };
		2C63FF8120BBF774006EE6D8 /* Main.storyboard in Resources */ = {isa = PBXBuildFile; fileRef = 2C63FF7F20BBF774006EE6D8 /* Main.storyboard */; };
		2C63FF8320BBF776006EE6D8 /* Assets.xcassets in Resources */ = {isa = PBXBuildFile; fileRef = 2C63FF8220BBF776006EE6D8 /* Assets.xcassets */; };
		2C63FF8620BBF776006EE6D8 /* LaunchScreen.storyboard in Resources */ = {isa = PBXBuildFile; fileRef = 2C63FF8420BBF776006EE6D8 /* LaunchScreen.storyboard */; };
		2C63FF8920BBF776006EE6D8 /* main.m in Sources */ = {isa = PBXBuildFile; fileRef = 2C63FF8820BBF776006EE6D8 /* main.m */; };
		2C63FF9320BBF776006EE6D8 /* ObjCRuntimeExamplesTests.m in Sources */ = {isa = PBXBuildFile; fileRef = 2C63FF9220BBF776006EE6D8 /* ObjCRuntimeExamplesTests.m */; };
		2C63FFB920BD0DE5006EE6D8 /* MethodSwizzlingTests.m in Sources */ = {isa = PBXBuildFile; fileRef = 2C63FFB120BD0DE5006EE6D8 /* MethodSwizzlingTests.m */; };
		2C63FFBA20BD0DE5006EE6D8 /* README.md in Resources */ = {isa = PBXBuildFile; fileRef = 2C63FFB220BD0DE5006EE6D8 /* README.md */; };
		2C63FFBB20BD0DE5006EE6D8 /* README.md in Resources */ = {isa = PBXBuildFile; fileRef = 2C63FFB420BD0DE5006EE6D8 /* README.md */; };
		2C63FFBC20BD0DE5006EE6D8 /* DynamicPropertyTests.m in Sources */ = {isa = PBXBuildFile; fileRef = 2C63FFB520BD0DE5006EE6D8 /* DynamicPropertyTests.m */; };
		2C63FFBE20BD0E14006EE6D8 /* README.md in Resources */ = {isa = PBXBuildFile; fileRef = 2C63FFBD20BD0E14006EE6D8 /* README.md */; };
		2C63FFC120BD0FF8006EE6D8 /* EOCAutoDictionary.m in Sources */ = {isa = PBXBuildFile; fileRef = 2C63FFC020BD0FF8006EE6D8 /* EOCAutoDictionary.m */; };
		2C63FFC320BD23FB006EE6D8 /* Pasted Graphic.tiff in Resources */ = {isa = PBXBuildFile; fileRef = 2C63FFC220BD23FB006EE6D8 /* Pasted Graphic.tiff */; };
		2C63FFC620BD2441006EE6D8 /* NSObject+KVO.m in Sources */ = {isa = PBXBuildFile; fileRef = 2C63FFC520BD2441006EE6D8 /* NSObject+KVO.m */; };
		2C63FFC920BD2A15006EE6D8 /* README.md in Resources */ = {isa = PBXBuildFile; fileRef = 2C63FFC820BD2A15006EE6D8 /* README.md */; };
		2C63FFCC20BD2B9D006EE6D8 /* NSObject+AssociatedObject.m in Sources */ = {isa = PBXBuildFile; fileRef = 2C63FFCB20BD2B9D006EE6D8 /* NSObject+AssociatedObject.m */; };
		2C63FFCE20BD2C26006EE6D8 /* AssociatedObjectTests.m in Sources */ = {isa = PBXBuildFile; fileRef = 2C63FFCD20BD2C26006EE6D8 /* AssociatedObjectTests.m */; };
		2C63FFD020BD2C67006EE6D8 /* README.md in Resources */ = {isa = PBXBuildFile; fileRef = 2C63FFCF20BD2C67006EE6D8 /* README.md */; };
		2C63FFD220BD2E00006EE6D8 /* KVOTests.m in Sources */ = {isa = PBXBuildFile; fileRef = 2C63FFD120BD2E00006EE6D8 /* KVOTests.m */; };
		2C63FFD420BD2E70006EE6D8 /* KVOImplementationTests.m in Sources */ = {isa = PBXBuildFile; fileRef = 2C63FFD320BD2E70006EE6D8 /* KVOImplementationTests.m */; };
		2C63FFD620BD3244006EE6D8 /* README.md in Resources */ = {isa = PBXBuildFile; fileRef = 2C63FFD520BD3244006EE6D8 /* README.md */; };
		2C63FFD920BD333B006EE6D8 /* README.md in Resources */ = {isa = PBXBuildFile; fileRef = 2C63FFD820BD333B006EE6D8 /* README.md */; };
		2C63FFDB20BD3350006EE6D8 /* OCMockTests.m in Sources */ = {isa = PBXBuildFile; fileRef = 2C63FFDA20BD3350006EE6D8 /* OCMockTests.m */; };
		2C63FFDE20BD3EA7006EE6D8 /* README.md in Resources */ = {isa = PBXBuildFile; fileRef = 2C63FFDD20BD3EA7006EE6D8 /* README.md */; };
		2C63FFE020BE38CB006EE6D8 /* GettingStartedWithOCMockTests.m in Sources */ = {isa = PBXBuildFile; fileRef = 2C63FFDF20BE38CB006EE6D8 /* GettingStartedWithOCMockTests.m */; };
		2C63FFE220BE700C006EE6D8 /* MessageForwardingTests.m in Sources */ = {isa = PBXBuildFile; fileRef = 2C63FFE120BE700C006EE6D8 /* MessageForwardingTests.m */; };
		7A4230B8951A6F1B1044A7C9 /* libPods-ObjCRuntimeExamples.a in Frameworks */ = {isa = PBXBuildFile; fileRef = 506BC970F20ECFCFADFB3ADF /* libPods-ObjCRuntimeExamples.a */; };
		B2DAC74BFA3DA264E4DC2CA9 /* libPods-ObjCRuntimeExamplesTests.a in Frameworks */ = {isa = PBXBuildFile; fileRef = 3601C5CB7A450AC2A65B565A /* libPods-ObjCRuntimeExamplesTests.a */; };
/* End PBXBuildFile section */

/* Begin PBXContainerItemProxy section */
		2C63FF8F20BBF776006EE6D8 /* PBXContainerItemProxy */ = {
			isa = PBXContainerItemProxy;
			containerPortal = 2C63FF6E20BBF774006EE6D8 /* Project object */;
			proxyType = 1;
			remoteGlobalIDString = 2C63FF7520BBF774006EE6D8;
			remoteInfo = ObjCRuntimeExamples;
		};
/* End PBXContainerItemProxy section */

/* Begin PBXFileReference section */
		22CBECAE873B51792EFD6A1F /* Pods-ObjCRuntimeExamplesTests.debug.xcconfig */ = {isa = PBXFileReference; includeInIndex = 1; lastKnownFileType = text.xcconfig; name = "Pods-ObjCRuntimeExamplesTests.debug.xcconfig"; path = "Pods/Target Support Files/Pods-ObjCRuntimeExamplesTests/Pods-ObjCRuntimeExamplesTests.debug.xcconfig"; sourceTree = "<group>"; };
		2C53F74E20BE749700209F7B /* NSInvocationTests.m */ = {isa = PBXFileReference; lastKnownFileType = sourcecode.c.objc; path = NSInvocationTests.m; sourceTree = "<group>"; };
		2C53F75020BE8D4500209F7B /* RuntimeAPITests.m */ = {isa = PBXFileReference; lastKnownFileType = sourcecode.c.objc; path = RuntimeAPITests.m; sourceTree = "<group>"; };
		2C53F75220BE918F00209F7B /* README.md */ = {isa = PBXFileReference; lastKnownFileType = net.daringfireball.markdown; path = README.md; sourceTree = "<group>"; };
		2C53F75420BE926800209F7B /* MultipleInheritanceTests.m */ = {isa = PBXFileReference; lastKnownFileType = sourcecode.c.objc; path = MultipleInheritanceTests.m; sourceTree = "<group>"; };
		2C63FF7620BBF774006EE6D8 /* ObjCRuntimeExamples.app */ = {isa = PBXFileReference; explicitFileType = wrapper.application; includeInIndex = 0; path = ObjCRuntimeExamples.app; sourceTree = BUILT_PRODUCTS_DIR; };
		2C63FF7920BBF774006EE6D8 /* AppDelegate.h */ = {isa = PBXFileReference; lastKnownFileType = sourcecode.c.h; path = AppDelegate.h; sourceTree = "<group>"; };
		2C63FF7A20BBF774006EE6D8 /* AppDelegate.m */ = {isa = PBXFileReference; lastKnownFileType = sourcecode.c.objc; path = AppDelegate.m; sourceTree = "<group>"; };
		2C63FF7C20BBF774006EE6D8 /* ViewController.h */ = {isa = PBXFileReference; lastKnownFileType = sourcecode.c.h; path = ViewController.h; sourceTree = "<group>"; };
		2C63FF7D20BBF774006EE6D8 /* ViewController.m */ = {isa = PBXFileReference; lastKnownFileType = sourcecode.c.objc; path = ViewController.m; sourceTree = "<group>"; };
		2C63FF8020BBF774006EE6D8 /* Base */ = {isa = PBXFileReference; lastKnownFileType = file.storyboard; name = Base; path = Base.lproj/Main.storyboard; sourceTree = "<group>"; };
		2C63FF8220BBF776006EE6D8 /* Assets.xcassets */ = {isa = PBXFileReference; lastKnownFileType = folder.assetcatalog; path = Assets.xcassets; sourceTree = "<group>"; };
		2C63FF8520BBF776006EE6D8 /* Base */ = {isa = PBXFileReference; lastKnownFileType = file.storyboard; name = Base; path = Base.lproj/LaunchScreen.storyboard; sourceTree = "<group>"; };
		2C63FF8720BBF776006EE6D8 /* Info.plist */ = {isa = PBXFileReference; lastKnownFileType = text.plist.xml; path = Info.plist; sourceTree = "<group>"; };
		2C63FF8820BBF776006EE6D8 /* main.m */ = {isa = PBXFileReference; lastKnownFileType = sourcecode.c.objc; path = main.m; sourceTree = "<group>"; };
		2C63FF8E20BBF776006EE6D8 /* ObjCRuntimeExamplesTests.xctest */ = {isa = PBXFileReference; explicitFileType = wrapper.cfbundle; includeInIndex = 0; path = ObjCRuntimeExamplesTests.xctest; sourceTree = BUILT_PRODUCTS_DIR; };
		2C63FF9220BBF776006EE6D8 /* ObjCRuntimeExamplesTests.m */ = {isa = PBXFileReference; lastKnownFileType = sourcecode.c.objc; path = ObjCRuntimeExamplesTests.m; sourceTree = "<group>"; };
		2C63FF9420BBF776006EE6D8 /* Info.plist */ = {isa = PBXFileReference; lastKnownFileType = text.plist.xml; path = Info.plist; sourceTree = "<group>"; };
		2C63FFB120BD0DE5006EE6D8 /* MethodSwizzlingTests.m */ = {isa = PBXFileReference; fileEncoding = 4; lastKnownFileType = sourcecode.c.objc; path = MethodSwizzlingTests.m; sourceTree = "<group>"; };
		2C63FFB220BD0DE5006EE6D8 /* README.md */ = {isa = PBXFileReference; fileEncoding = 4; lastKnownFileType = net.daringfireball.markdown; path = README.md; sourceTree = "<group>"; };
		2C63FFB420BD0DE5006EE6D8 /* README.md */ = {isa = PBXFileReference; fileEncoding = 4; lastKnownFileType = net.daringfireball.markdown; path = README.md; sourceTree = "<group>"; };
		2C63FFB520BD0DE5006EE6D8 /* DynamicPropertyTests.m */ = {isa = PBXFileReference; fileEncoding = 4; lastKnownFileType = sourcecode.c.objc; path = DynamicPropertyTests.m; sourceTree = "<group>"; };
		2C63FFBD20BD0E14006EE6D8 /* README.md */ = {isa = PBXFileReference; lastKnownFileType = net.daringfireball.markdown; path = README.md; sourceTree = "<group>"; };
		2C63FFBF20BD0FF8006EE6D8 /* EOCAutoDictionary.h */ = {isa = PBXFileReference; lastKnownFileType = sourcecode.c.h; path = EOCAutoDictionary.h; sourceTree = "<group>"; };
		2C63FFC020BD0FF8006EE6D8 /* EOCAutoDictionary.m */ = {isa = PBXFileReference; lastKnownFileType = sourcecode.c.objc; path = EOCAutoDictionary.m; sourceTree = "<group>"; };
		2C63FFC220BD23FB006EE6D8 /* Pasted Graphic.tiff */ = {isa = PBXFileReference; lastKnownFileType = image.tiff; path = "Pasted Graphic.tiff"; sourceTree = "<group>"; };
		2C63FFC420BD2441006EE6D8 /* NSObject+KVO.h */ = {isa = PBXFileReference; fileEncoding = 4; lastKnownFileType = sourcecode.c.h; path = "NSObject+KVO.h"; sourceTree = "<group>"; };
		2C63FFC520BD2441006EE6D8 /* NSObject+KVO.m */ = {isa = PBXFileReference; fileEncoding = 4; lastKnownFileType = sourcecode.c.objc; path = "NSObject+KVO.m"; sourceTree = "<group>"; };
		2C63FFC820BD2A15006EE6D8 /* README.md */ = {isa = PBXFileReference; lastKnownFileType = net.daringfireball.markdown; path = README.md; sourceTree = "<group>"; };
		2C63FFCA20BD2B9D006EE6D8 /* NSObject+AssociatedObject.h */ = {isa = PBXFileReference; lastKnownFileType = sourcecode.c.h; path = "NSObject+AssociatedObject.h"; sourceTree = "<group>"; };
		2C63FFCB20BD2B9D006EE6D8 /* NSObject+AssociatedObject.m */ = {isa = PBXFileReference; lastKnownFileType = sourcecode.c.objc; path = "NSObject+AssociatedObject.m"; sourceTree = "<group>"; };
		2C63FFCD20BD2C26006EE6D8 /* AssociatedObjectTests.m */ = {isa = PBXFileReference; lastKnownFileType = sourcecode.c.objc; path = AssociatedObjectTests.m; sourceTree = "<group>"; };
		2C63FFCF20BD2C67006EE6D8 /* README.md */ = {isa = PBXFileReference; lastKnownFileType = net.daringfireball.markdown; path = README.md; sourceTree = "<group>"; };
		2C63FFD120BD2E00006EE6D8 /* KVOTests.m */ = {isa = PBXFileReference; lastKnownFileType = sourcecode.c.objc; path = KVOTests.m; sourceTree = "<group>"; };
		2C63FFD320BD2E70006EE6D8 /* KVOImplementationTests.m */ = {isa = PBXFileReference; lastKnownFileType = sourcecode.c.objc; path = KVOImplementationTests.m; sourceTree = "<group>"; };
		2C63FFD520BD3244006EE6D8 /* README.md */ = {isa = PBXFileReference; lastKnownFileType = net.daringfireball.markdown; path = README.md; sourceTree = "<group>"; };
		2C63FFD820BD333B006EE6D8 /* README.md */ = {isa = PBXFileReference; lastKnownFileType = net.daringfireball.markdown; path = README.md; sourceTree = "<group>"; };
		2C63FFDA20BD3350006EE6D8 /* OCMockTests.m */ = {isa = PBXFileReference; lastKnownFileType = sourcecode.c.objc; path = OCMockTests.m; sourceTree = "<group>"; };
		2C63FFDD20BD3EA7006EE6D8 /* README.md */ = {isa = PBXFileReference; lastKnownFileType = net.daringfireball.markdown; path = README.md; sourceTree = "<group>"; };
		2C63FFDF20BE38CB006EE6D8 /* GettingStartedWithOCMockTests.m */ = {isa = PBXFileReference; lastKnownFileType = sourcecode.c.objc; path = GettingStartedWithOCMockTests.m; sourceTree = "<group>"; };
		2C63FFE120BE700C006EE6D8 /* MessageForwardingTests.m */ = {isa = PBXFileReference; lastKnownFileType = sourcecode.c.objc; path = MessageForwardingTests.m; sourceTree = "<group>"; };
		3601C5CB7A450AC2A65B565A /* libPods-ObjCRuntimeExamplesTests.a */ = {isa = PBXFileReference; explicitFileType = archive.ar; includeInIndex = 0; path = "libPods-ObjCRuntimeExamplesTests.a"; sourceTree = BUILT_PRODUCTS_DIR; };
		506BC970F20ECFCFADFB3ADF /* libPods-ObjCRuntimeExamples.a */ = {isa = PBXFileReference; explicitFileType = archive.ar; includeInIndex = 0; path = "libPods-ObjCRuntimeExamples.a"; sourceTree = BUILT_PRODUCTS_DIR; };
		A098BA3D546E7125E385667C /* Pods-ObjCRuntimeExamples.release.xcconfig */ = {isa = PBXFileReference; includeInIndex = 1; lastKnownFileType = text.xcconfig; name = "Pods-ObjCRuntimeExamples.release.xcconfig"; path = "Pods/Target Support Files/Pods-ObjCRuntimeExamples/Pods-ObjCRuntimeExamples.release.xcconfig"; sourceTree = "<group>"; };
		A8B0161E06D24E7A67F41CF5 /* Pods-ObjCRuntimeExamplesTests.release.xcconfig */ = {isa = PBXFileReference; includeInIndex = 1; lastKnownFileType = text.xcconfig; name = "Pods-ObjCRuntimeExamplesTests.release.xcconfig"; path = "Pods/Target Support Files/Pods-ObjCRuntimeExamplesTests/Pods-ObjCRuntimeExamplesTests.release.xcconfig"; sourceTree = "<group>"; };
		BC7925EA29257B63468CC1A2 /* Pods-ObjCRuntimeExamples.debug.xcconfig */ = {isa = PBXFileReference; includeInIndex = 1; lastKnownFileType = text.xcconfig; name = "Pods-ObjCRuntimeExamples.debug.xcconfig"; path = "Pods/Target Support Files/Pods-ObjCRuntimeExamples/Pods-ObjCRuntimeExamples.debug.xcconfig"; sourceTree = "<group>"; };
/* End PBXFileReference section */

/* Begin PBXFrameworksBuildPhase section */
		2C63FF7320BBF774006EE6D8 /* Frameworks */ = {
			isa = PBXFrameworksBuildPhase;
			buildActionMask = 2147483647;
			files = (
				7A4230B8951A6F1B1044A7C9 /* libPods-ObjCRuntimeExamples.a in Frameworks */,
			);
			runOnlyForDeploymentPostprocessing = 0;
		};
		2C63FF8B20BBF776006EE6D8 /* Frameworks */ = {
			isa = PBXFrameworksBuildPhase;
			buildActionMask = 2147483647;
			files = (
				B2DAC74BFA3DA264E4DC2CA9 /* libPods-ObjCRuntimeExamplesTests.a in Frameworks */,
			);
			runOnlyForDeploymentPostprocessing = 0;
		};
/* End PBXFrameworksBuildPhase section */

/* Begin PBXGroup section */
		2C63FF6D20BBF774006EE6D8 = {
			isa = PBXGroup;
			children = (
				2C63FF7820BBF774006EE6D8 /* ObjCRuntimeExamples */,
				2C63FF9120BBF776006EE6D8 /* ObjCRuntimeExamplesTests */,
				2C63FF7720BBF774006EE6D8 /* Products */,
				704FCA1CF5C7BF39EB2BFAAE /* Pods */,
				E8F1D308E529C7A888F35E82 /* Frameworks */,
			);
			sourceTree = "<group>";
		};
		2C63FF7720BBF774006EE6D8 /* Products */ = {
			isa = PBXGroup;
			children = (
				2C63FF7620BBF774006EE6D8 /* ObjCRuntimeExamples.app */,
				2C63FF8E20BBF776006EE6D8 /* ObjCRuntimeExamplesTests.xctest */,
			);
			name = Products;
			sourceTree = "<group>";
		};
		2C63FF7820BBF774006EE6D8 /* ObjCRuntimeExamples */ = {
			isa = PBXGroup;
			children = (
				2C63FF7920BBF774006EE6D8 /* AppDelegate.h */,
				2C63FF7A20BBF774006EE6D8 /* AppDelegate.m */,
				2C63FF7C20BBF774006EE6D8 /* ViewController.h */,
				2C63FF7D20BBF774006EE6D8 /* ViewController.m */,
				2C63FF7F20BBF774006EE6D8 /* Main.storyboard */,
				2C63FF8220BBF776006EE6D8 /* Assets.xcassets */,
				2C63FF8420BBF776006EE6D8 /* LaunchScreen.storyboard */,
				2C63FF8720BBF776006EE6D8 /* Info.plist */,
				2C63FF8820BBF776006EE6D8 /* main.m */,
			);
			path = ObjCRuntimeExamples;
			sourceTree = "<group>";
		};
		2C63FF9120BBF776006EE6D8 /* ObjCRuntimeExamplesTests */ = {
			isa = PBXGroup;
			children = (
				2C63FFC720BD2A01006EE6D8 /* Associated Objects */,
				2C63FFB320BD0DE5006EE6D8 /* Dynamic Property */,
				2C63FFB720BD0DE5006EE6D8 /* KVC */,
				2C63FFB620BD0DE5006EE6D8 /* KVO */,
				2C63FFB820BD0DE5006EE6D8 /* Message Forwarding */,
				2C63FFB020BD0DE5006EE6D8 /* Method Swizzling */,
				2C63FFAF20BD0DE5006EE6D8 /* Multiple Inheritance */,
				2C63FFD720BD3317006EE6D8 /* OCMock */,
				2C63FFDC20BD3E8F006EE6D8 /* Runtime API */,
				2C63FF9220BBF776006EE6D8 /* ObjCRuntimeExamplesTests.m */,
				2C63FF9420BBF776006EE6D8 /* Info.plist */,
				2C63FFD520BD3244006EE6D8 /* README.md */,
			);
			path = ObjCRuntimeExamplesTests;
			sourceTree = "<group>";
		};
		2C63FFAF20BD0DE5006EE6D8 /* Multiple Inheritance */ = {
			isa = PBXGroup;
			children = (
				2C53F75220BE918F00209F7B /* README.md */,
				2C53F75420BE926800209F7B /* MultipleInheritanceTests.m */,
			);
			path = "Multiple Inheritance";
			sourceTree = "<group>";
		};
		2C63FFB020BD0DE5006EE6D8 /* Method Swizzling */ = {
			isa = PBXGroup;
			children = (
				2C63FFB120BD0DE5006EE6D8 /* MethodSwizzlingTests.m */,
				2C63FFB220BD0DE5006EE6D8 /* README.md */,
			);
			path = "Method Swizzling";
			sourceTree = "<group>";
		};
		2C63FFB320BD0DE5006EE6D8 /* Dynamic Property */ = {
			isa = PBXGroup;
			children = (
				2C63FFB420BD0DE5006EE6D8 /* README.md */,
				2C63FFB520BD0DE5006EE6D8 /* DynamicPropertyTests.m */,
				2C63FFBF20BD0FF8006EE6D8 /* EOCAutoDictionary.h */,
				2C63FFC020BD0FF8006EE6D8 /* EOCAutoDictionary.m */,
			);
			path = "Dynamic Property";
			sourceTree = "<group>";
		};
		2C63FFB620BD0DE5006EE6D8 /* KVO */ = {
			isa = PBXGroup;
			children = (
				2C63FFC420BD2441006EE6D8 /* NSObject+KVO.h */,
				2C63FFC520BD2441006EE6D8 /* NSObject+KVO.m */,
				2C63FFCF20BD2C67006EE6D8 /* README.md */,
				2C63FFD120BD2E00006EE6D8 /* KVOTests.m */,
				2C63FFD320BD2E70006EE6D8 /* KVOImplementationTests.m */,
			);
			path = KVO;
			sourceTree = "<group>";
		};
		2C63FFB720BD0DE5006EE6D8 /* KVC */ = {
			isa = PBXGroup;
			children = (
			);
			path = KVC;
			sourceTree = "<group>";
		};
		2C63FFB820BD0DE5006EE6D8 /* Message Forwarding */ = {
			isa = PBXGroup;
			children = (
				2C63FFC220BD23FB006EE6D8 /* Pasted Graphic.tiff */,
				2C63FFBD20BD0E14006EE6D8 /* README.md */,
				2C63FFE120BE700C006EE6D8 /* MessageForwardingTests.m */,
				2C53F74E20BE749700209F7B /* NSInvocationTests.m */,
			);
			path = "Message Forwarding";
			sourceTree = "<group>";
		};
		2C63FFC720BD2A01006EE6D8 /* Associated Objects */ = {
			isa = PBXGroup;
			children = (
				2C63FFC820BD2A15006EE6D8 /* README.md */,
				2C63FFCA20BD2B9D006EE6D8 /* NSObject+AssociatedObject.h */,
				2C63FFCB20BD2B9D006EE6D8 /* NSObject+AssociatedObject.m */,
				2C63FFCD20BD2C26006EE6D8 /* AssociatedObjectTests.m */,
			);
			path = "Associated Objects";
			sourceTree = "<group>";
		};
		2C63FFD720BD3317006EE6D8 /* OCMock */ = {
			isa = PBXGroup;
			children = (
				2C63FFD820BD333B006EE6D8 /* README.md */,
				2C63FFDF20BE38CB006EE6D8 /* GettingStartedWithOCMockTests.m */,
				2C63FFDA20BD3350006EE6D8 /* OCMockTests.m */,
			);
			path = OCMock;
			sourceTree = "<group>";
		};
		2C63FFDC20BD3E8F006EE6D8 /* Runtime API */ = {
			isa = PBXGroup;
			children = (
				2C63FFDD20BD3EA7006EE6D8 /* README.md */,
				2C53F75020BE8D4500209F7B /* RuntimeAPITests.m */,
			);
			path = "Runtime API";
			sourceTree = "<group>";
		};
		704FCA1CF5C7BF39EB2BFAAE /* Pods */ = {
			isa = PBXGroup;
			children = (
				BC7925EA29257B63468CC1A2 /* Pods-ObjCRuntimeExamples.debug.xcconfig */,
				A098BA3D546E7125E385667C /* Pods-ObjCRuntimeExamples.release.xcconfig */,
				22CBECAE873B51792EFD6A1F /* Pods-ObjCRuntimeExamplesTests.debug.xcconfig */,
				A8B0161E06D24E7A67F41CF5 /* Pods-ObjCRuntimeExamplesTests.release.xcconfig */,
			);
			name = Pods;
			sourceTree = "<group>";
		};
		E8F1D308E529C7A888F35E82 /* Frameworks */ = {
			isa = PBXGroup;
			children = (
				506BC970F20ECFCFADFB3ADF /* libPods-ObjCRuntimeExamples.a */,
				3601C5CB7A450AC2A65B565A /* libPods-ObjCRuntimeExamplesTests.a */,
			);
			name = Frameworks;
			sourceTree = "<group>";
		};
/* End PBXGroup section */

/* Begin PBXNativeTarget section */
		2C63FF7520BBF774006EE6D8 /* ObjCRuntimeExamples */ = {
			isa = PBXNativeTarget;
			buildConfigurationList = 2C63FF9720BBF776006EE6D8 /* Build configuration list for PBXNativeTarget "ObjCRuntimeExamples" */;
			buildPhases = (
				AAB67FEEC780F2D168BDA282 /* [CP] Check Pods Manifest.lock */,
				2C63FF7220BBF774006EE6D8 /* Sources */,
				2C63FF7320BBF774006EE6D8 /* Frameworks */,
				2C63FF7420BBF774006EE6D8 /* Resources */,
			);
			buildRules = (
			);
			dependencies = (
			);
			name = ObjCRuntimeExamples;
			productName = ObjCRuntimeExamples;
			productReference = 2C63FF7620BBF774006EE6D8 /* ObjCRuntimeExamples.app */;
			productType = "com.apple.product-type.application";
		};
		2C63FF8D20BBF776006EE6D8 /* ObjCRuntimeExamplesTests */ = {
			isa = PBXNativeTarget;
			buildConfigurationList = 2C63FF9A20BBF776006EE6D8 /* Build configuration list for PBXNativeTarget "ObjCRuntimeExamplesTests" */;
			buildPhases = (
				F5534A1A979FA31A3681594A /* [CP] Check Pods Manifest.lock */,
				2C63FF8A20BBF776006EE6D8 /* Sources */,
				2C63FF8B20BBF776006EE6D8 /* Frameworks */,
				2C63FF8C20BBF776006EE6D8 /* Resources */,
			);
			buildRules = (
			);
			dependencies = (
				2C63FF9020BBF776006EE6D8 /* PBXTargetDependency */,
			);
			name = ObjCRuntimeExamplesTests;
			productName = ObjCRuntimeExamplesTests;
			productReference = 2C63FF8E20BBF776006EE6D8 /* ObjCRuntimeExamplesTests.xctest */;
			productType = "com.apple.product-type.bundle.unit-test";
		};
/* End PBXNativeTarget section */

/* Begin PBXProject section */
		2C63FF6E20BBF774006EE6D8 /* Project object */ = {
			isa = PBXProject;
			attributes = {
				LastUpgradeCheck = 0930;
				ORGANIZATIONNAME = net.stephenchiang;
				TargetAttributes = {
					2C63FF7520BBF774006EE6D8 = {
						CreatedOnToolsVersion = 9.3;
					};
					2C63FF8D20BBF776006EE6D8 = {
						CreatedOnToolsVersion = 9.3;
						TestTargetID = 2C63FF7520BBF774006EE6D8;
					};
				};
			};
			buildConfigurationList = 2C63FF7120BBF774006EE6D8 /* Build configuration list for PBXProject "ObjCRuntimeExamples" */;
			compatibilityVersion = "Xcode 9.3";
			developmentRegion = en;
			hasScannedForEncodings = 0;
			knownRegions = (
				en,
				Base,
			);
			mainGroup = 2C63FF6D20BBF774006EE6D8;
			productRefGroup = 2C63FF7720BBF774006EE6D8 /* Products */;
			projectDirPath = "";
			projectRoot = "";
			targets = (
				2C63FF7520BBF774006EE6D8 /* ObjCRuntimeExamples */,
				2C63FF8D20BBF776006EE6D8 /* ObjCRuntimeExamplesTests */,
			);
		};
/* End PBXProject section */

/* Begin PBXResourcesBuildPhase section */
		2C63FF7420BBF774006EE6D8 /* Resources */ = {
			isa = PBXResourcesBuildPhase;
			buildActionMask = 2147483647;
			files = (
				2C63FF8620BBF776006EE6D8 /* LaunchScreen.storyboard in Resources */,
				2C63FF8320BBF776006EE6D8 /* Assets.xcassets in Resources */,
				2C63FF8120BBF774006EE6D8 /* Main.storyboard in Resources */,
			);
			runOnlyForDeploymentPostprocessing = 0;
		};
		2C63FF8C20BBF776006EE6D8 /* Resources */ = {
			isa = PBXResourcesBuildPhase;
			buildActionMask = 2147483647;
			files = (
				2C63FFD020BD2C67006EE6D8 /* README.md in Resources */,
				2C63FFBE20BD0E14006EE6D8 /* README.md in Resources */,
				2C53F75320BE918F00209F7B /* README.md in Resources */,
				2C63FFC320BD23FB006EE6D8 /* Pasted Graphic.tiff in Resources */,
				2C63FFD620BD3244006EE6D8 /* README.md in Resources */,
				2C63FFC920BD2A15006EE6D8 /* README.md in Resources */,
				2C63FFBB20BD0DE5006EE6D8 /* README.md in Resources */,
				2C63FFDE20BD3EA7006EE6D8 /* README.md in Resources */,
				2C63FFD920BD333B006EE6D8 /* README.md in Resources */,
				2C63FFBA20BD0DE5006EE6D8 /* README.md in Resources */,
			);
			runOnlyForDeploymentPostprocessing = 0;
		};
/* End PBXResourcesBuildPhase section */

/* Begin PBXShellScriptBuildPhase section */
		AAB67FEEC780F2D168BDA282 /* [CP] Check Pods Manifest.lock */ = {
			isa = PBXShellScriptBuildPhase;
			buildActionMask = 2147483647;
			files = (
			);
			inputPaths = (
				"${PODS_PODFILE_DIR_PATH}/Podfile.lock",
				"${PODS_ROOT}/Manifest.lock",
			);
			name = "[CP] Check Pods Manifest.lock";
			outputPaths = (
				"$(DERIVED_FILE_DIR)/Pods-ObjCRuntimeExamples-checkManifestLockResult.txt",
			);
			runOnlyForDeploymentPostprocessing = 0;
			shellPath = /bin/sh;
			shellScript = "diff \"${PODS_PODFILE_DIR_PATH}/Podfile.lock\" \"${PODS_ROOT}/Manifest.lock\" > /dev/null\nif [ $? != 0 ] ; then\n    # print error to STDERR\n    echo \"error: The sandbox is not in sync with the Podfile.lock. Run 'pod install' or update your CocoaPods installation.\" >&2\n    exit 1\nfi\n# This output is used by Xcode 'outputs' to avoid re-running this script phase.\necho \"SUCCESS\" > \"${SCRIPT_OUTPUT_FILE_0}\"\n";
			showEnvVarsInLog = 0;
		};
		F5534A1A979FA31A3681594A /* [CP] Check Pods Manifest.lock */ = {
			isa = PBXShellScriptBuildPhase;
			buildActionMask = 2147483647;
			files = (
			);
			inputPaths = (
				"${PODS_PODFILE_DIR_PATH}/Podfile.lock",
				"${PODS_ROOT}/Manifest.lock",
			);
			name = "[CP] Check Pods Manifest.lock";
			outputPaths = (
				"$(DERIVED_FILE_DIR)/Pods-ObjCRuntimeExamplesTests-checkManifestLockResult.txt",
			);
			runOnlyForDeploymentPostprocessing = 0;
			shellPath = /bin/sh;
			shellScript = "diff \"${PODS_PODFILE_DIR_PATH}/Podfile.lock\" \"${PODS_ROOT}/Manifest.lock\" > /dev/null\nif [ $? != 0 ] ; then\n    # print error to STDERR\n    echo \"error: The sandbox is not in sync with the Podfile.lock. Run 'pod install' or update your CocoaPods installation.\" >&2\n    exit 1\nfi\n# This output is used by Xcode 'outputs' to avoid re-running this script phase.\necho \"SUCCESS\" > \"${SCRIPT_OUTPUT_FILE_0}\"\n";
			showEnvVarsInLog = 0;
		};
/* End PBXShellScriptBuildPhase section */

/* Begin PBXSourcesBuildPhase section */
		2C63FF7220BBF774006EE6D8 /* Sources */ = {
			isa = PBXSourcesBuildPhase;
			buildActionMask = 2147483647;
			files = (
				2C63FF7E20BBF774006EE6D8 /* ViewController.m in Sources */,
				2C63FF8920BBF776006EE6D8 /* main.m in Sources */,
				2C63FF7B20BBF774006EE6D8 /* AppDelegate.m in Sources */,
			);
			runOnlyForDeploymentPostprocessing = 0;
		};
		2C63FF8A20BBF776006EE6D8 /* Sources */ = {
			isa = PBXSourcesBuildPhase;
			buildActionMask = 2147483647;
			files = (
				2C63FFD220BD2E00006EE6D8 /* KVOTests.m in Sources */,
				2C63FFCC20BD2B9D006EE6D8 /* NSObject+AssociatedObject.m in Sources */,
				2C63FFC120BD0FF8006EE6D8 /* EOCAutoDictionary.m in Sources */,
				2C63FFE020BE38CB006EE6D8 /* GettingStartedWithOCMockTests.m in Sources */,
				2C53F74F20BE749700209F7B /* NSInvocationTests.m in Sources */,
				2C53F75120BE8D4500209F7B /* RuntimeAPITests.m in Sources */,
				2C63FFB920BD0DE5006EE6D8 /* MethodSwizzlingTests.m in Sources */,
				2C63FFCE20BD2C26006EE6D8 /* AssociatedObjectTests.m in Sources */,
				2C63FFE220BE700C006EE6D8 /* MessageForwardingTests.m in Sources */,
				2C63FFDB20BD3350006EE6D8 /* OCMockTests.m in Sources */,
				2C63FFC620BD2441006EE6D8 /* NSObject+KVO.m in Sources */,
				2C63FF9320BBF776006EE6D8 /* ObjCRuntimeExamplesTests.m in Sources */,
				2C53F75520BE926800209F7B /* MultipleInheritanceTests.m in Sources */,
				2C63FFBC20BD0DE5006EE6D8 /* DynamicPropertyTests.m in Sources */,
				2C63FFD420BD2E70006EE6D8 /* KVOImplementationTests.m in Sources */,
			);
			runOnlyForDeploymentPostprocessing = 0;
		};
/* End PBXSourcesBuildPhase section */

/* Begin PBXTargetDependency section */
		2C63FF9020BBF776006EE6D8 /* PBXTargetDependency */ = {
			isa = PBXTargetDependency;
			target = 2C63FF7520BBF774006EE6D8 /* ObjCRuntimeExamples */;
			targetProxy = 2C63FF8F20BBF776006EE6D8 /* PBXContainerItemProxy */;
		};
/* End PBXTargetDependency section */

/* Begin PBXVariantGroup section */
		2C63FF7F20BBF774006EE6D8 /* Main.storyboard */ = {
			isa = PBXVariantGroup;
			children = (
				2C63FF8020BBF774006EE6D8 /* Base */,
			);
			name = Main.storyboard;
			sourceTree = "<group>";
		};
		2C63FF8420BBF776006EE6D8 /* LaunchScreen.storyboard */ = {
			isa = PBXVariantGroup;
			children = (
				2C63FF8520BBF776006EE6D8 /* Base */,
			);
			name = LaunchScreen.storyboard;
			sourceTree = "<group>";
		};
/* End PBXVariantGroup section */

/* Begin XCBuildConfiguration section */
		2C63FF9520BBF776006EE6D8 /* Debug */ = {
			isa = XCBuildConfiguration;
			buildSettings = {
				ALWAYS_SEARCH_USER_PATHS = NO;
				CLANG_ANALYZER_NONNULL = YES;
				CLANG_ANALYZER_NUMBER_OBJECT_CONVERSION = YES_AGGRESSIVE;
				CLANG_CXX_LANGUAGE_STANDARD = "gnu++14";
				CLANG_CXX_LIBRARY = "libc++";
				CLANG_ENABLE_MODULES = YES;
				CLANG_ENABLE_OBJC_ARC = YES;
				CLANG_ENABLE_OBJC_WEAK = YES;
				CLANG_WARN_BLOCK_CAPTURE_AUTORELEASING = YES;
				CLANG_WARN_BOOL_CONVERSION = YES;
				CLANG_WARN_COMMA = YES;
				CLANG_WARN_CONSTANT_CONVERSION = YES;
				CLANG_WARN_DEPRECATED_OBJC_IMPLEMENTATIONS = YES;
				CLANG_WARN_DIRECT_OBJC_ISA_USAGE = YES_ERROR;
				CLANG_WARN_DOCUMENTATION_COMMENTS = YES;
				CLANG_WARN_EMPTY_BODY = YES;
				CLANG_WARN_ENUM_CONVERSION = YES;
				CLANG_WARN_INFINITE_RECURSION = YES;
				CLANG_WARN_INT_CONVERSION = YES;
				CLANG_WARN_NON_LITERAL_NULL_CONVERSION = YES;
				CLANG_WARN_OBJC_IMPLICIT_RETAIN_SELF = YES;
				CLANG_WARN_OBJC_LITERAL_CONVERSION = YES;
				CLANG_WARN_OBJC_ROOT_CLASS = YES_ERROR;
				CLANG_WARN_RANGE_LOOP_ANALYSIS = YES;
				CLANG_WARN_STRICT_PROTOTYPES = YES;
				CLANG_WARN_SUSPICIOUS_MOVE = YES;
				CLANG_WARN_UNGUARDED_AVAILABILITY = YES_AGGRESSIVE;
				CLANG_WARN_UNREACHABLE_CODE = YES;
				CLANG_WARN__DUPLICATE_METHOD_MATCH = YES;
				CODE_SIGN_IDENTITY = "iPhone Developer";
				COPY_PHASE_STRIP = NO;
				DEBUG_INFORMATION_FORMAT = dwarf;
				ENABLE_STRICT_OBJC_MSGSEND = YES;
				ENABLE_TESTABILITY = YES;
				GCC_C_LANGUAGE_STANDARD = gnu11;
				GCC_DYNAMIC_NO_PIC = NO;
				GCC_NO_COMMON_BLOCKS = YES;
				GCC_OPTIMIZATION_LEVEL = 0;
				GCC_PREPROCESSOR_DEFINITIONS = (
					"DEBUG=1",
					"$(inherited)",
				);
				GCC_WARN_64_TO_32_BIT_CONVERSION = YES;
				GCC_WARN_ABOUT_RETURN_TYPE = YES_ERROR;
				GCC_WARN_UNDECLARED_SELECTOR = YES;
				GCC_WARN_UNINITIALIZED_AUTOS = YES_AGGRESSIVE;
				GCC_WARN_UNUSED_FUNCTION = YES;
				GCC_WARN_UNUSED_VARIABLE = YES;
				IPHONEOS_DEPLOYMENT_TARGET = 11.3;
				MTL_ENABLE_DEBUG_INFO = YES;
				ONLY_ACTIVE_ARCH = YES;
				SDKROOT = iphoneos;
			};
			name = Debug;
		};
		2C63FF9620BBF776006EE6D8 /* Release */ = {
			isa = XCBuildConfiguration;
			buildSettings = {
				ALWAYS_SEARCH_USER_PATHS = NO;
				CLANG_ANALYZER_NONNULL = YES;
				CLANG_ANALYZER_NUMBER_OBJECT_CONVERSION = YES_AGGRESSIVE;
				CLANG_CXX_LANGUAGE_STANDARD = "gnu++14";
				CLANG_CXX_LIBRARY = "libc++";
				CLANG_ENABLE_MODULES = YES;
				CLANG_ENABLE_OBJC_ARC = YES;
				CLANG_ENABLE_OBJC_WEAK = YES;
				CLANG_WARN_BLOCK_CAPTURE_AUTORELEASING = YES;
				CLANG_WARN_BOOL_CONVERSION = YES;
				CLANG_WARN_COMMA = YES;
				CLANG_WARN_CONSTANT_CONVERSION = YES;
				CLANG_WARN_DEPRECATED_OBJC_IMPLEMENTATIONS = YES;
				CLANG_WARN_DIRECT_OBJC_ISA_USAGE = YES_ERROR;
				CLANG_WARN_DOCUMENTATION_COMMENTS = YES;
				CLANG_WARN_EMPTY_BODY = YES;
				CLANG_WARN_ENUM_CONVERSION = YES;
				CLANG_WARN_INFINITE_RECURSION = YES;
				CLANG_WARN_INT_CONVERSION = YES;
				CLANG_WARN_NON_LITERAL_NULL_CONVERSION = YES;
				CLANG_WARN_OBJC_IMPLICIT_RETAIN_SELF = YES;
				CLANG_WARN_OBJC_LITERAL_CONVERSION = YES;
				CLANG_WARN_OBJC_ROOT_CLASS = YES_ERROR;
				CLANG_WARN_RANGE_LOOP_ANALYSIS = YES;
				CLANG_WARN_STRICT_PROTOTYPES = YES;
				CLANG_WARN_SUSPICIOUS_MOVE = YES;
				CLANG_WARN_UNGUARDED_AVAILABILITY = YES_AGGRESSIVE;
				CLANG_WARN_UNREACHABLE_CODE = YES;
				CLANG_WARN__DUPLICATE_METHOD_MATCH = YES;
				CODE_SIGN_IDENTITY = "iPhone Developer";
				COPY_PHASE_STRIP = NO;
				DEBUG_INFORMATION_FORMAT = "dwarf-with-dsym";
				ENABLE_NS_ASSERTIONS = NO;
				ENABLE_STRICT_OBJC_MSGSEND = YES;
				GCC_C_LANGUAGE_STANDARD = gnu11;
				GCC_NO_COMMON_BLOCKS = YES;
				GCC_WARN_64_TO_32_BIT_CONVERSION = YES;
				GCC_WARN_ABOUT_RETURN_TYPE = YES_ERROR;
				GCC_WARN_UNDECLARED_SELECTOR = YES;
				GCC_WARN_UNINITIALIZED_AUTOS = YES_AGGRESSIVE;
				GCC_WARN_UNUSED_FUNCTION = YES;
				GCC_WARN_UNUSED_VARIABLE = YES;
				IPHONEOS_DEPLOYMENT_TARGET = 11.3;
				MTL_ENABLE_DEBUG_INFO = NO;
				SDKROOT = iphoneos;
				VALIDATE_PRODUCT = YES;
			};
			name = Release;
		};
		2C63FF9820BBF776006EE6D8 /* Debug */ = {
			isa = XCBuildConfiguration;
			baseConfigurationReference = BC7925EA29257B63468CC1A2 /* Pods-ObjCRuntimeExamples.debug.xcconfig */;
			buildSettings = {
				ASSETCATALOG_COMPILER_APPICON_NAME = AppIcon;
				CODE_SIGN_STYLE = Automatic;
				DEVELOPMENT_TEAM = V455LT9HQ8;
				INFOPLIST_FILE = ObjCRuntimeExamples/Info.plist;
				LD_RUNPATH_SEARCH_PATHS = (
					"$(inherited)",
					"@executable_path/Frameworks",
				);
				PRODUCT_BUNDLE_IDENTIFIER = net.stephenchiang.ObjCRuntimeExamples;
				PRODUCT_NAME = "$(TARGET_NAME)";
				TARGETED_DEVICE_FAMILY = "1,2";
			};
			name = Debug;
		};
		2C63FF9920BBF776006EE6D8 /* Release */ = {
			isa = XCBuildConfiguration;
			baseConfigurationReference = A098BA3D546E7125E385667C /* Pods-ObjCRuntimeExamples.release.xcconfig */;
			buildSettings = {
				ASSETCATALOG_COMPILER_APPICON_NAME = AppIcon;
				CODE_SIGN_STYLE = Automatic;
				DEVELOPMENT_TEAM = V455LT9HQ8;
				INFOPLIST_FILE = ObjCRuntimeExamples/Info.plist;
				LD_RUNPATH_SEARCH_PATHS = (
					"$(inherited)",
					"@executable_path/Frameworks",
				);
				PRODUCT_BUNDLE_IDENTIFIER = net.stephenchiang.ObjCRuntimeExamples;
				PRODUCT_NAME = "$(TARGET_NAME)";
				TARGETED_DEVICE_FAMILY = "1,2";
			};
			name = Release;
		};
		2C63FF9B20BBF776006EE6D8 /* Debug */ = {
			isa = XCBuildConfiguration;
			baseConfigurationReference = 22CBECAE873B51792EFD6A1F /* Pods-ObjCRuntimeExamplesTests.debug.xcconfig */;
			buildSettings = {
				BUNDLE_LOADER = "$(TEST_HOST)";
				CODE_SIGN_STYLE = Automatic;
				DEVELOPMENT_TEAM = V455LT9HQ8;
				ENABLE_STRICT_OBJC_MSGSEND = NO;
				INFOPLIST_FILE = ObjCRuntimeExamplesTests/Info.plist;
				LD_RUNPATH_SEARCH_PATHS = (
					"$(inherited)",
					"@executable_path/Frameworks",
					"@loader_path/Frameworks",
				);
				PRODUCT_BUNDLE_IDENTIFIER = net.stephenchiang.ObjCRuntimeExamplesTests;
				PRODUCT_NAME = "$(TARGET_NAME)";
				TARGETED_DEVICE_FAMILY = "1,2";
				TEST_HOST = "$(BUILT_PRODUCTS_DIR)/ObjCRuntimeExamples.app/ObjCRuntimeExamples";
			};
			name = Debug;
		};
		2C63FF9C20BBF776006EE6D8 /* Release */ = {
			isa = XCBuildConfiguration;
			baseConfigurationReference = A8B0161E06D24E7A67F41CF5 /* Pods-ObjCRuntimeExamplesTests.release.xcconfig */;
			buildSettings = {
				BUNDLE_LOADER = "$(TEST_HOST)";
				CODE_SIGN_STYLE = Automatic;
				DEVELOPMENT_TEAM = V455LT9HQ8;
				ENABLE_STRICT_OBJC_MSGSEND = NO;
				INFOPLIST_FILE = ObjCRuntimeExamplesTests/Info.plist;
				LD_RUNPATH_SEARCH_PATHS = (
					"$(inherited)",
					"@executable_path/Frameworks",
					"@loader_path/Frameworks",
				);
				PRODUCT_BUNDLE_IDENTIFIER = net.stephenchiang.ObjCRuntimeExamplesTests;
				PRODUCT_NAME = "$(TARGET_NAME)";
				TARGETED_DEVICE_FAMILY = "1,2";
				TEST_HOST = "$(BUILT_PRODUCTS_DIR)/ObjCRuntimeExamples.app/ObjCRuntimeExamples";
			};
			name = Release;
		};
/* End XCBuildConfiguration section */

/* Begin XCConfigurationList section */
		2C63FF7120BBF774006EE6D8 /* Build configuration list for PBXProject "ObjCRuntimeExamples" */ = {
			isa = XCConfigurationList;
			buildConfigurations = (
				2C63FF9520BBF776006EE6D8 /* Debug */,
				2C63FF9620BBF776006EE6D8 /* Release */,
			);
			defaultConfigurationIsVisible = 0;
			defaultConfigurationName = Release;
		};
		2C63FF9720BBF776006EE6D8 /* Build configuration list for PBXNativeTarget "ObjCRuntimeExamples" */ = {
			isa = XCConfigurationList;
			buildConfigurations = (
				2C63FF9820BBF776006EE6D8 /* Debug */,
				2C63FF9920BBF776006EE6D8 /* Release */,
			);
			defaultConfigurationIsVisible = 0;
			defaultConfigurationName = Release;
		};
		2C63FF9A20BBF776006EE6D8 /* Build configuration list for PBXNativeTarget "ObjCRuntimeExamplesTests" */ = {
			isa = XCConfigurationList;
			buildConfigurations = (
				2C63FF9B20BBF776006EE6D8 /* Debug */,
				2C63FF9C20BBF776006EE6D8 /* Release */,
			);
			defaultConfigurationIsVisible = 0;
			defaultConfigurationName = Release;
		};
/* End XCConfigurationList section */
	};
	rootObject = 2C63FF6E20BBF774006EE6D8 /* Project object */;
}
